
Microsoft Visual Studio Solution File, Format Version 12.00
Project("{FAE04EC0-301F-11D3-BF4B-00C04F79EFBC}") = "FizzBuzzNovember", "FizzBuzzNovember\FizzBuzzNovember.csproj", "{0CEDE793-EB8A-4F33-8C60-7DE9ABADAA68}"
EndProject
Project("{FAE04EC0-301F-11D3-BF4B-00C04F79EFBC}") = "StringCalculatorNovember", "StringCalculatorNovember\StringCalculatorNovember.csproj", "{E4D5BFAE-3E7B-41FF-B3B6-B9E0DC831542}"
EndProject
Project("{FAE04EC0-301F-11D3-BF4B-00C04F79EFBC}") = "UserRegistrationNovember", "UserRegistrationNovember\UserRegistrationNovember.csproj", "{54020BBB-24FE-4782-ABA1-B435DA47F0A3}"
EndProject
Global
	GlobalSection(SolutionConfigurationPlatforms) = preSolution
		Debug|Any CPU = Debug|Any CPU
		Release|Any CPU = Release|Any CPU
	EndGlobalSection
	GlobalSection(ProjectConfigurationPlatforms) = postSolution
		{0CEDE793-EB8A-4F33-8C60-7DE9ABADAA68}.Debug|Any CPU.ActiveCfg = Debug|Any CPU
		{0CEDE793-EB8A-4F33-8C60-7DE9ABADAA68}.Debug|Any CPU.Build.0 = Debug|Any CPU
		{0CEDE793-EB8A-4F33-8C60-7DE9ABADAA68}.Release|Any CPU.ActiveCfg = Release|Any CPU
		{0CEDE793-EB8A-4F33-8C60-7DE9ABADAA68}.Release|Any CPU.Build.0 = Release|Any CPU
		{E4D5BFAE-3E7B-41FF-B3B6-B9E0DC831542}.Debug|Any CPU.ActiveCfg = Debug|Any CPU
		{E4D5BFAE-3E7B-41FF-B3B6-B9E0DC831542}.Debug|Any CPU.Build.0 = Debug|Any CPU
		{E4D5BFAE-3E7B-41FF-B3B6-B9E0DC831542}.Release|Any CPU.ActiveCfg = Release|Any CPU
		{E4D5BFAE-3E7B-41FF-B3B6-B9E0DC831542}.Release|Any CPU.Build.0 = Release|Any CPU
		{54020BBB-24FE-4782-ABA1-B435DA47F0A3}.Debug|Any CPU.ActiveCfg = Debug|Any CPU
		{54020BBB-24FE-4782-ABA1-B435DA47F0A3}.Debug|Any CPU.Build.0 = Debug|Any CPU
		{54020BBB-24FE-4782-ABA1-B435DA47F0A3}.Release|Any CPU.ActiveCfg = Release|Any CPU
		{54020BBB-24FE-4782-ABA1-B435DA47F0A3}.Release|Any CPU.Build.0 = Release|Any CPU
	EndGlobalSection
EndGlobal
